<Solution>
  <Folder Name="/docs/">
    <File Path="../docs/Dasafio.md" />
    <File Path="../docs/Desafio Técnico (Tic Tac Toe)-2026032516314977.pdf" />
  </Folder>
  <Folder Name="/src/">
    <Project Path="TicTacToe.API/TicTacToe.API.csproj" />
    <Project Path="TicTacToe.Application/TicTacToe.Application.csproj" />
    <Project Path="TicTacToe.Domain/TicTacToe.Domain.csproj" />
    <Project Path="TicTacToe.Infrastructure/TicTacToe.Infrastructure.csproj" />
  </Folder>
</Solution>
